
Microsoft Visual Studio Solution File, Format Version 12.00
# Visual Studio 14
VisualStudioVersion = 14.0.25420.1
MinimumVisualStudioVersion = 10.0.40219.1
Project("{DA7A21FA-8162-4350-AD77-A8D1B671F3ED}") = "NI_Crime", "NI_Crime.rxproj", "{747CABB4-2867-478D-B143-742E60367E64}"
EndProject
Global
	GlobalSection(SolutionConfigurationPlatforms) = preSolution
		Debug|Any CPU = Debug|Any CPU
		Release|Any CPU = Release|Any CPU
	EndGlobalSection
	GlobalSection(ProjectConfigurationPlatforms) = postSolution
		{747CABB4-2867-478D-B143-742E60367E64}.Debug|Any CPU.ActiveCfg = Debug|Any CPU
		{747CABB4-2867-478D-B143-742E60367E64}.Debug|Any CPU.Build.0 = Debug|Any CPU
		{747CABB4-2867-478D-B143-742E60367E64}.Release|Any CPU.ActiveCfg = Release|Any CPU
		{747CABB4-2867-478D-B143-742E60367E64}.Release|Any CPU.Build.0 = Release|Any CPU
	EndGlobalSection
	GlobalSection(SolutionProperties) = preSolution
		HideSolutionNode = FALSE
	EndGlobalSection
EndGlobal
