
Microsoft Visual Studio Solution File, Format Version 12.00
# Visual Studio 14
VisualStudioVersion = 14.0.25420.1
MinimumVisualStudioVersion = 10.0.40219.1
Project("{DA7A21FA-8162-4350-AD77-A8D1B671F3ED}") = "pwr_analysis", "pwr_analysis.rxproj", "{F730F9E4-00EC-49BF-B963-FA68DF2C9EFB}"
EndProject
Global
	GlobalSection(SolutionConfigurationPlatforms) = preSolution
		Debug|Any CPU = Debug|Any CPU
		Release|Any CPU = Release|Any CPU
	EndGlobalSection
	GlobalSection(ProjectConfigurationPlatforms) = postSolution
		{F730F9E4-00EC-49BF-B963-FA68DF2C9EFB}.Debug|Any CPU.ActiveCfg = Debug|Any CPU
		{F730F9E4-00EC-49BF-B963-FA68DF2C9EFB}.Debug|Any CPU.Build.0 = Debug|Any CPU
		{F730F9E4-00EC-49BF-B963-FA68DF2C9EFB}.Release|Any CPU.ActiveCfg = Release|Any CPU
		{F730F9E4-00EC-49BF-B963-FA68DF2C9EFB}.Release|Any CPU.Build.0 = Release|Any CPU
	EndGlobalSection
	GlobalSection(SolutionProperties) = preSolution
		HideSolutionNode = FALSE
	EndGlobalSection
EndGlobal
